
Microsoft Visual Studio Solution File, Format Version 12.00
# Visual Studio Version 16
VisualStudioVersion = 16.0.31702.278
MinimumVisualStudioVersion = 10.0.40219.1
Project("{FAE04EC0-301F-11D3-BF4B-00C04F79EFBC}") = "AITNumTextBox", "AITNumTextBox\AITNumTextBox.csproj", "{C8571DE0-7CF3-4F5A-AF35-10BAB0C324DF}"
EndProject
Global
	GlobalSection(SolutionConfigurationPlatforms) = preSolution
		Debug|Any CPU = Debug|Any CPU
		Release|Any CPU = Release|Any CPU
	EndGlobalSection
	GlobalSection(ProjectConfigurationPlatforms) = postSolution
		{C8571DE0-7CF3-4F5A-AF35-10BAB0C324DF}.Debug|Any CPU.ActiveCfg = Debug|Any CPU
		{C8571DE0-7CF3-4F5A-AF35-10BAB0C324DF}.Debug|Any CPU.Build.0 = Debug|Any CPU
		{C8571DE0-7CF3-4F5A-AF35-10BAB0C324DF}.Release|Any CPU.ActiveCfg = Release|Any CPU
		{C8571DE0-7CF3-4F5A-AF35-10BAB0C324DF}.Release|Any CPU.Build.0 = Release|Any CPU
	EndGlobalSection
	GlobalSection(SolutionProperties) = preSolution
		HideSolutionNode = FALSE
	EndGlobalSection
	GlobalSection(ExtensibilityGlobals) = postSolution
		SolutionGuid = {E93C077C-94FA-4DDC-8F65-991DB8AE8474}
	EndGlobalSection
EndGlobal
